<?xml version="1.0" encoding="utf-8"?>
<Project ToolsVersion="4.0" xmlns="http://schemas.microsoft.com/developer/msbuild/2003">
  <ItemGroup>
    <Filter Include="Header Files">
      <UniqueIdentifier>{93995380-89BD-4b04-88EB-625FBE52EBFB}</UniqueIdentifier>
      <Extensions>h;hpp;hxx;hm;inl;inc;xsd</Extensions>
    </Filter>
    <Filter Include="Resource Files">
      <UniqueIdentifier>{67DA6AB6-F800-4c08-8B7A-83BB121AAD01}</UniqueIdentifier>
      <Extensions>rc;ico;cur;bmp;dlg;rc2;rct;bin;rgs;gif;jpg;jpeg;jpe;resx</Extensions>
    </Filter>
    <Filter Include="Source Files">
      <UniqueIdentifier>{4FC737F1-C7A5-4376-A066-2A32D752A2FF}</UniqueIdentifier>
      <Extensions>cpp;c;cc;cxx;def;odl;idl;hpj;bat;asm;asmx</Extensions>
    </Filter>
  </ItemGroup>
  <ItemGroup>
    <ClInclude Include="dock.h">
      <Filter>Header Files</Filter>
    </ClInclude>
    <ClInclude Include="Logger.h">
      <Filter>Header Files</Filter>
    </ClInclude>
    <ClInclude Include="MFErrorHandler.h">
      <Filter>Header Files</Filter>
    </ClInclude>
    <ClInclude Include="PropertyView.h">
      <Filter>Header Files</Filter>
    </ClInclude>
    <ClInclude Include="resource.h">
      <Filter>Header Files</Filter>
    </ClInclude>
    <ClInclude Include="splitterbar.h">
      <Filter>Header Files</Filter>
    </ClInclude>
    <ClInclude Include="stdafx.h">
      <Filter>Header Files</Filter>
    </ClInclude>
    <ClInclude Include="tedapp.h">
      <Filter>Header Files</Filter>
    </ClInclude>
    <ClInclude Include="tedcontentprotectionmanager.h">
      <Filter>Header Files</Filter>
    </ClInclude>
    <ClInclude Include="tedinputguiddialog.h">
      <Filter>Header Files</Filter>
    </ClInclude>
    <ClInclude Include="tedmaintoolbar.h">
      <Filter>Header Files</Filter>
    </ClInclude>
    <ClInclude Include="tedobj.h">
      <Filter>Header Files</Filter>
    </ClInclude>
    <ClInclude Include="tedplayer.h">
      <Filter>Header Files</Filter>
    </ClInclude>
    <ClInclude Include="tedtranscode.h">
      <Filter>Header Files</Filter>
    </ClInclude>
    <ClInclude Include="tedtransformdialog.h">
      <Filter>Header Files</Filter>
    </ClInclude>
    <ClInclude Include="trackbarcontrol.h">
      <Filter>Header Files</Filter>
    </ClInclude>
  </ItemGroup>
  <ItemGroup>
    <ResourceCompile Include="ted.rc">
      <Filter>Resource Files</Filter>
    </ResourceCompile>
  </ItemGroup>
  <ItemGroup>
    <ClCompile Include="dock.cpp">
      <Filter>Source Files</Filter>
    </ClCompile>
    <ClCompile Include="PropertyView.cpp">
      <Filter>Source Files</Filter>
    </ClCompile>
    <ClCompile Include="splitterbar.cpp">
      <Filter>Source Files</Filter>
    </ClCompile>
    <ClCompile Include="stdafx.cpp">
      <Filter>Source Files</Filter>
    </ClCompile>
    <ClCompile Include="tedapp.cpp">
      <Filter>Source Files</Filter>
    </ClCompile>
    <ClCompile Include="tedinputguiddialog.cpp">
      <Filter>Source Files</Filter>
    </ClCompile>
    <ClCompile Include="tedmaintoolbar.cpp">
      <Filter>Source Files</Filter>
    </ClCompile>
    <ClCompile Include="tedplayer.cpp">
      <Filter>Source Files</Filter>
    </ClCompile>
    <ClCompile Include="tedtranscode.cpp">
      <Filter>Source Files</Filter>
    </ClCompile>
    <ClCompile Include="tedtransformdialog.cpp">
      <Filter>Source Files</Filter>
    </ClCompile>
    <ClCompile Include="..\tedutil\tedutil_i.c">
      <Filter>Source Files</Filter>
    </ClCompile>
    <ClCompile Include="tedvidwin.cpp">
      <Filter>Source Files</Filter>
    </ClCompile>
    <ClCompile Include="trackbarcontrol.cpp">
      <Filter>Source Files</Filter>
    </ClCompile>
  </ItemGroup>
</Project>